
Microsoft Visual Studio Solution File, Format Version 12.00
# Visual Studio 15
VisualStudioVersion = 15.0.28306.52
MinimumVisualStudioVersion = 10.0.40219.1
Project("{FAE04EC0-301F-11D3-BF4B-00C04F79EFBC}") = "PBR", "PBR\PBR.csproj", "{A3076276-ADEC-4FAF-BEB9-D4990150FBAB}"
EndProject
Global
	GlobalSection(SolutionConfigurationPlatforms) = preSolution
		Debug|Any CPU = Debug|Any CPU
		Release|Any CPU = Release|Any CPU
	EndGlobalSection
	GlobalSection(ProjectConfigurationPlatforms) = postSolution
		{A3076276-ADEC-4FAF-BEB9-D4990150FBAB}.Debug|Any CPU.ActiveCfg = Debug|Any CPU
		{A3076276-ADEC-4FAF-BEB9-D4990150FBAB}.Debug|Any CPU.Build.0 = Debug|Any CPU
		{A3076276-ADEC-4FAF-BEB9-D4990150FBAB}.Release|Any CPU.ActiveCfg = Release|Any CPU
		{A3076276-ADEC-4FAF-BEB9-D4990150FBAB}.Release|Any CPU.Build.0 = Release|Any CPU
	EndGlobalSection
	GlobalSection(SolutionProperties) = preSolution
		HideSolutionNode = FALSE
	EndGlobalSection
	GlobalSection(ExtensibilityGlobals) = postSolution
		SolutionGuid = {5BE3C283-B25C-4DE4-BF48-24630DB27D26}
	EndGlobalSection
EndGlobal
